// !$*UTF8*$!
{
	archiveVersion = 1;
	classes = {
	};
	objectVersion = 56;
	objects = {

/* Begin PBXBuildFile section */
		9A318B39291E5CA50094AF5F /* AppDelegate.swift in Sources */ = {isa = PBXBuildFile; fileRef = 9A318B38291E5CA50094AF5F /* AppDelegate.swift */; };
		9A318B3B291E5CA50094AF5F /* SceneDelegate.swift in Sources */ = {isa = PBXBuildFile; fileRef = 9A318B3A291E5CA50094AF5F /* SceneDelegate.swift */; };
		9A318B3D291E5CA50094AF5F /* ViewController.swift in Sources */ = {isa = PBXBuildFile; fileRef = 9A318B3C291E5CA50094AF5F /* ViewController.swift */; };
		9A318B40291E5CA50094AF5F /* Main.storyboard in Resources */ = {isa = PBXBuildFile; fileRef = 9A318B3E291E5CA50094AF5F /* Main.storyboard */; };
		9A318B42291E5CA60094AF5F /* Assets.xcassets in Resources */ = {isa = PBXBuildFile; fileRef = 9A318B41291E5CA60094AF5F /* Assets.xcassets */; };
		9A318B45291E5CA60094AF5F /* LaunchScreen.storyboard in Resources */ = {isa = PBXBuildFile; fileRef = 9A318B43291E5CA60094AF5F /* LaunchScreen.storyboard */; };
		9A318B52291E5CC60094AF5F /* SegmentedViewItemProtocol.swift in Sources */ = {isa = PBXBuildFile; fileRef = 9A318B4C291E5CC40094AF5F /* SegmentedViewItemProtocol.swift */; };
		9A318B53291E5CC60094AF5F /* PageListViewController.swift in Sources */ = {isa = PBXBuildFile; fileRef = 9A318B4D291E5CC40094AF5F /* PageListViewController.swift */; };
		9A318B54291E5CC60094AF5F /* PageListContainerView.swift in Sources */ = {isa = PBXBuildFile; fileRef = 9A318B4E291E5CC50094AF5F /* PageListContainerView.swift */; };
		9A318B55291E5CC60094AF5F /* SegmentedItemAppearance.swift in Sources */ = {isa = PBXBuildFile; fileRef = 9A318B4F291E5CC50094AF5F /* SegmentedItemAppearance.swift */; };
		9A318B56291E5CC60094AF5F /* SegmentedView.swift in Sources */ = {isa = PBXBuildFile; fileRef = 9A318B50291E5CC60094AF5F /* SegmentedView.swift */; };
		9A318B57291E5CC60094AF5F /* SegmentedViewTextImageItemCell.swift in Sources */ = {isa = PBXBuildFile; fileRef = 9A318B51291E5CC60094AF5F /* SegmentedViewTextImageItemCell.swift */; };
		9A318B5F2922274F0094AF5F /* SegmentedViewTextImageItemModel.swift in Sources */ = {isa = PBXBuildFile; fileRef = 9A318B5E2922274F0094AF5F /* SegmentedViewTextImageItemModel.swift */; };
		9A318B61292229770094AF5F /* SegmentedTextImageItemAppearance.swift in Sources */ = {isa = PBXBuildFile; fileRef = 9A318B60292229770094AF5F /* SegmentedTextImageItemAppearance.swift */; };
		9A318B6329222DFF0094AF5F /* SegmentedViewBaseItemCell.swift in Sources */ = {isa = PBXBuildFile; fileRef = 9A318B6229222DFF0094AF5F /* SegmentedViewBaseItemCell.swift */; };
		9A318B85292354830094AF5F /* SegmentedViewIndicator.swift in Sources */ = {isa = PBXBuildFile; fileRef = 9A318B84292354830094AF5F /* SegmentedViewIndicator.swift */; };
		BC58297D40B910D5A335C832 /* Pods_STPageViewController.framework in Frameworks */ = {isa = PBXBuildFile; fileRef = BA1DDF1CD5A7D67193F0383F /* Pods_STPageViewController.framework */; };
/* End PBXBuildFile section */

/* Begin PBXFileReference section */
		55A210DCC65B7846DB481805 /* Pods-STPageViewController.debug.xcconfig */ = {isa = PBXFileReference; includeInIndex = 1; lastKnownFileType = text.xcconfig; name = "Pods-STPageViewController.debug.xcconfig"; path = "Target Support Files/Pods-STPageViewController/Pods-STPageViewController.debug.xcconfig"; sourceTree = "<group>"; };
		56F82B822BF6125ABEC685C3 /* Pods-STPageViewController.release.xcconfig */ = {isa = PBXFileReference; includeInIndex = 1; lastKnownFileType = text.xcconfig; name = "Pods-STPageViewController.release.xcconfig"; path = "Target Support Files/Pods-STPageViewController/Pods-STPageViewController.release.xcconfig"; sourceTree = "<group>"; };
		9A318B35291E5CA50094AF5F /* STPageViewController.app */ = {isa = PBXFileReference; explicitFileType = wrapper.application; includeInIndex = 0; path = STPageViewController.app; sourceTree = BUILT_PRODUCTS_DIR; };
		9A318B38291E5CA50094AF5F /* AppDelegate.swift */ = {isa = PBXFileReference; lastKnownFileType = sourcecode.swift; path = AppDelegate.swift; sourceTree = "<group>"; };
		9A318B3A291E5CA50094AF5F /* SceneDelegate.swift */ = {isa = PBXFileReference; lastKnownFileType = sourcecode.swift; path = SceneDelegate.swift; sourceTree = "<group>"; };
		9A318B3C291E5CA50094AF5F /* ViewController.swift */ = {isa = PBXFileReference; lastKnownFileType = sourcecode.swift; path = ViewController.swift; sourceTree = "<group>"; };
		9A318B3F291E5CA50094AF5F /* Base */ = {isa = PBXFileReference; lastKnownFileType = file.storyboard; name = Base; path = Base.lproj/Main.storyboard; sourceTree = "<group>"; };
		9A318B41291E5CA60094AF5F /* Assets.xcassets */ = {isa = PBXFileReference; lastKnownFileType = folder.assetcatalog; path = Assets.xcassets; sourceTree = "<group>"; };
		9A318B44291E5CA60094AF5F /* Base */ = {isa = PBXFileReference; lastKnownFileType = file.storyboard; name = Base; path = Base.lproj/LaunchScreen.storyboard; sourceTree = "<group>"; };
		9A318B46291E5CA60094AF5F /* Info.plist */ = {isa = PBXFileReference; lastKnownFileType = text.plist.xml; path = Info.plist; sourceTree = "<group>"; };
		9A318B4C291E5CC40094AF5F /* SegmentedViewItemProtocol.swift */ = {isa = PBXFileReference; fileEncoding = 4; lastKnownFileType = sourcecode.swift; path = SegmentedViewItemProtocol.swift; sourceTree = "<group>"; };
		9A318B4D291E5CC40094AF5F /* PageListViewController.swift */ = {isa = PBXFileReference; fileEncoding = 4; lastKnownFileType = sourcecode.swift; path = PageListViewController.swift; sourceTree = "<group>"; };
		9A318B4E291E5CC50094AF5F /* PageListContainerView.swift */ = {isa = PBXFileReference; fileEncoding = 4; lastKnownFileType = sourcecode.swift; path = PageListContainerView.swift; sourceTree = "<group>"; };
		9A318B4F291E5CC50094AF5F /* SegmentedItemAppearance.swift */ = {isa = PBXFileReference; fileEncoding = 4; lastKnownFileType = sourcecode.swift; path = SegmentedItemAppearance.swift; sourceTree = "<group>"; };
		9A318B50291E5CC60094AF5F /* SegmentedView.swift */ = {isa = PBXFileReference; fileEncoding = 4; lastKnownFileType = sourcecode.swift; path = SegmentedView.swift; sourceTree = "<group>"; };
		9A318B51291E5CC60094AF5F /* SegmentedViewTextImageItemCell.swift */ = {isa = PBXFileReference; fileEncoding = 4; lastKnownFileType = sourcecode.swift; path = SegmentedViewTextImageItemCell.swift; sourceTree = "<group>"; };
		9A318B5E2922274F0094AF5F /* SegmentedViewTextImageItemModel.swift */ = {isa = PBXFileReference; lastKnownFileType = sourcecode.swift; path = SegmentedViewTextImageItemModel.swift; sourceTree = "<group>"; };
		9A318B60292229770094AF5F /* SegmentedTextImageItemAppearance.swift */ = {isa = PBXFileReference; lastKnownFileType = sourcecode.swift; path = SegmentedTextImageItemAppearance.swift; sourceTree = "<group>"; };
		9A318B6229222DFF0094AF5F /* SegmentedViewBaseItemCell.swift */ = {isa = PBXFileReference; lastKnownFileType = sourcecode.swift; path = SegmentedViewBaseItemCell.swift; sourceTree = "<group>"; };
		9A318B84292354830094AF5F /* SegmentedViewIndicator.swift */ = {isa = PBXFileReference; lastKnownFileType = sourcecode.swift; path = SegmentedViewIndicator.swift; sourceTree = "<group>"; };
		BA1DDF1CD5A7D67193F0383F /* Pods_STPageViewController.framework */ = {isa = PBXFileReference; explicitFileType = wrapper.framework; includeInIndex = 0; path = Pods_STPageViewController.framework; sourceTree = BUILT_PRODUCTS_DIR; };
/* End PBXFileReference section */

/* Begin PBXFrameworksBuildPhase section */
		9A318B32291E5CA50094AF5F /* Frameworks */ = {
			isa = PBXFrameworksBuildPhase;
			buildActionMask = 2147483647;
			files = (
				BC58297D40B910D5A335C832 /* Pods_STPageViewController.framework in Frameworks */,
			);
			runOnlyForDeploymentPostprocessing = 0;
		};
/* End PBXFrameworksBuildPhase section */

/* Begin PBXGroup section */
		2689F1B1AA71DAD40985D493 /* Pods */ = {
			isa = PBXGroup;
			children = (
				55A210DCC65B7846DB481805 /* Pods-STPageViewController.debug.xcconfig */,
				56F82B822BF6125ABEC685C3 /* Pods-STPageViewController.release.xcconfig */,
			);
			path = Pods;
			sourceTree = "<group>";
		};
		9A318B2C291E5CA50094AF5F = {
			isa = PBXGroup;
			children = (
				9A318B37291E5CA50094AF5F /* STPageViewController */,
				9A318B36291E5CA50094AF5F /* Products */,
				2689F1B1AA71DAD40985D493 /* Pods */,
				ED1990DEDF7B2C5F9BC34CAF /* Frameworks */,
			);
			sourceTree = "<group>";
		};
		9A318B36291E5CA50094AF5F /* Products */ = {
			isa = PBXGroup;
			children = (
				9A318B35291E5CA50094AF5F /* STPageViewController.app */,
			);
			name = Products;
			sourceTree = "<group>";
		};
		9A318B37291E5CA50094AF5F /* STPageViewController */ = {
			isa = PBXGroup;
			children = (
				9A318B38291E5CA50094AF5F /* AppDelegate.swift */,
				9A318B3A291E5CA50094AF5F /* SceneDelegate.swift */,
				9A318B3C291E5CA50094AF5F /* ViewController.swift */,
				9A318B4E291E5CC50094AF5F /* PageListContainerView.swift */,
				9A318B4D291E5CC40094AF5F /* PageListViewController.swift */,
				9A318B60292229770094AF5F /* SegmentedTextImageItemAppearance.swift */,
				9A318B4F291E5CC50094AF5F /* SegmentedItemAppearance.swift */,
				9A318B50291E5CC60094AF5F /* SegmentedView.swift */,
				9A318B84292354830094AF5F /* SegmentedViewIndicator.swift */,
				9A318B51291E5CC60094AF5F /* SegmentedViewTextImageItemCell.swift */,
				9A318B6229222DFF0094AF5F /* SegmentedViewBaseItemCell.swift */,
				9A318B5E2922274F0094AF5F /* SegmentedViewTextImageItemModel.swift */,
				9A318B4C291E5CC40094AF5F /* SegmentedViewItemProtocol.swift */,
				9A318B3E291E5CA50094AF5F /* Main.storyboard */,
				9A318B41291E5CA60094AF5F /* Assets.xcassets */,
				9A318B43291E5CA60094AF5F /* LaunchScreen.storyboard */,
				9A318B46291E5CA60094AF5F /* Info.plist */,
			);
			path = STPageViewController;
			sourceTree = "<group>";
		};
		ED1990DEDF7B2C5F9BC34CAF /* Frameworks */ = {
			isa = PBXGroup;
			children = (
				BA1DDF1CD5A7D67193F0383F /* Pods_STPageViewController.framework */,
			);
			name = Frameworks;
			sourceTree = "<group>";
		};
/* End PBXGroup section */

/* Begin PBXNativeTarget section */
		9A318B34291E5CA50094AF5F /* STPageViewController */ = {
			isa = PBXNativeTarget;
			buildConfigurationList = 9A318B49291E5CA60094AF5F /* Build configuration list for PBXNativeTarget "STPageViewController" */;
			buildPhases = (
				B4347283420C7D1B08F3986D /* [CP] Check Pods Manifest.lock */,
				9A318B31291E5CA50094AF5F /* Sources */,
				9A318B32291E5CA50094AF5F /* Frameworks */,
				9A318B33291E5CA50094AF5F /* Resources */,
				1FA6B8CCC7C0304A18BFEB0F /* [CP] Embed Pods Frameworks */,
			);
			buildRules = (
			);
			dependencies = (
			);
			name = STPageViewController;
			productName = STPageViewController;
			productReference = 9A318B35291E5CA50094AF5F /* STPageViewController.app */;
			productType = "com.apple.product-type.application";
		};
/* End PBXNativeTarget section */

/* Begin PBXProject section */
		9A318B2D291E5CA50094AF5F /* Project object */ = {
			isa = PBXProject;
			attributes = {
				BuildIndependentTargetsInParallel = 1;
				LastSwiftUpdateCheck = 1410;
				LastUpgradeCheck = 1410;
				TargetAttributes = {
					9A318B34291E5CA50094AF5F = {
						CreatedOnToolsVersion = 14.1;
					};
				};
			};
			buildConfigurationList = 9A318B30291E5CA50094AF5F /* Build configuration list for PBXProject "STPageViewController" */;
			compatibilityVersion = "Xcode 14.0";
			developmentRegion = en;
			hasScannedForEncodings = 0;
			knownRegions = (
				en,
				Base,
			);
			mainGroup = 9A318B2C291E5CA50094AF5F;
			productRefGroup = 9A318B36291E5CA50094AF5F /* Products */;
			projectDirPath = "";
			projectRoot = "";
			targets = (
				9A318B34291E5CA50094AF5F /* STPageViewController */,
			);
		};
/* End PBXProject section */

/* Begin PBXResourcesBuildPhase section */
		9A318B33291E5CA50094AF5F /* Resources */ = {
			isa = PBXResourcesBuildPhase;
			buildActionMask = 2147483647;
			files = (
				9A318B45291E5CA60094AF5F /* LaunchScreen.storyboard in Resources */,
				9A318B42291E5CA60094AF5F /* Assets.xcassets in Resources */,
				9A318B40291E5CA50094AF5F /* Main.storyboard in Resources */,
			);
			runOnlyForDeploymentPostprocessing = 0;
		};
/* End PBXResourcesBuildPhase section */

/* Begin PBXShellScriptBuildPhase section */
		1FA6B8CCC7C0304A18BFEB0F /* [CP] Embed Pods Frameworks */ = {
			isa = PBXShellScriptBuildPhase;
			buildActionMask = 2147483647;
			files = (
			);
			inputFileListPaths = (
				"${PODS_ROOT}/Target Support Files/Pods-STPageViewController/Pods-STPageViewController-frameworks-${CONFIGURATION}-input-files.xcfilelist",
			);
			name = "[CP] Embed Pods Frameworks";
			outputFileListPaths = (
				"${PODS_ROOT}/Target Support Files/Pods-STPageViewController/Pods-STPageViewController-frameworks-${CONFIGURATION}-output-files.xcfilelist",
			);
			runOnlyForDeploymentPostprocessing = 0;
			shellPath = /bin/sh;
			shellScript = "\"${PODS_ROOT}/Target Support Files/Pods-STPageViewController/Pods-STPageViewController-frameworks.sh\"\n";
			showEnvVarsInLog = 0;
		};
		B4347283420C7D1B08F3986D /* [CP] Check Pods Manifest.lock */ = {
			isa = PBXShellScriptBuildPhase;
			buildActionMask = 2147483647;
			files = (
			);
			inputFileListPaths = (
			);
			inputPaths = (
				"${PODS_PODFILE_DIR_PATH}/Podfile.lock",
				"${PODS_ROOT}/Manifest.lock",
			);
			name = "[CP] Check Pods Manifest.lock";
			outputFileListPaths = (
			);
			outputPaths = (
				"$(DERIVED_FILE_DIR)/Pods-STPageViewController-checkManifestLockResult.txt",
			);
			runOnlyForDeploymentPostprocessing = 0;
			shellPath = /bin/sh;
			shellScript = "diff \"${PODS_PODFILE_DIR_PATH}/Podfile.lock\" \"${PODS_ROOT}/Manifest.lock\" > /dev/null\nif [ $? != 0 ] ; then\n    # print error to STDERR\n    echo \"error: The sandbox is not in sync with the Podfile.lock. Run 'pod install' or update your CocoaPods installation.\" >&2\n    exit 1\nfi\n# This output is used by Xcode 'outputs' to avoid re-running this script phase.\necho \"SUCCESS\" > \"${SCRIPT_OUTPUT_FILE_0}\"\n";
			showEnvVarsInLog = 0;
		};
/* End PBXShellScriptBuildPhase section */

/* Begin PBXSourcesBuildPhase section */
		9A318B31291E5CA50094AF5F /* Sources */ = {
			isa = PBXSourcesBuildPhase;
			buildActionMask = 2147483647;
			files = (
				9A318B3D291E5CA50094AF5F /* ViewController.swift in Sources */,
				9A318B53291E5CC60094AF5F /* PageListViewController.swift in Sources */,
				9A318B39291E5CA50094AF5F /* AppDelegate.swift in Sources */,
				9A318B85292354830094AF5F /* SegmentedViewIndicator.swift in Sources */,
				9A318B6329222DFF0094AF5F /* SegmentedViewBaseItemCell.swift in Sources */,
				9A318B5F2922274F0094AF5F /* SegmentedViewTextImageItemModel.swift in Sources */,
				9A318B61292229770094AF5F /* SegmentedTextImageItemAppearance.swift in Sources */,
				9A318B54291E5CC60094AF5F /* PageListContainerView.swift in Sources */,
				9A318B52291E5CC60094AF5F /* SegmentedViewItemProtocol.swift in Sources */,
				9A318B57291E5CC60094AF5F /* SegmentedViewTextImageItemCell.swift in Sources */,
				9A318B56291E5CC60094AF5F /* SegmentedView.swift in Sources */,
				9A318B3B291E5CA50094AF5F /* SceneDelegate.swift in Sources */,
				9A318B55291E5CC60094AF5F /* SegmentedItemAppearance.swift in Sources */,
			);
			runOnlyForDeploymentPostprocessing = 0;
		};
/* End PBXSourcesBuildPhase section */

/* Begin PBXVariantGroup section */
		9A318B3E291E5CA50094AF5F /* Main.storyboard */ = {
			isa = PBXVariantGroup;
			children = (
				9A318B3F291E5CA50094AF5F /* Base */,
			);
			name = Main.storyboard;
			sourceTree = "<group>";
		};
		9A318B43291E5CA60094AF5F /* LaunchScreen.storyboard */ = {
			isa = PBXVariantGroup;
			children = (
				9A318B44291E5CA60094AF5F /* Base */,
			);
			name = LaunchScreen.storyboard;
			sourceTree = "<group>";
		};
/* End PBXVariantGroup section */

/* Begin XCBuildConfiguration section */
		9A318B47291E5CA60094AF5F /* Debug */ = {
			isa = XCBuildConfiguration;
			buildSettings = {
				ALWAYS_SEARCH_USER_PATHS = NO;
				CLANG_ANALYZER_NONNULL = YES;
				CLANG_ANALYZER_NUMBER_OBJECT_CONVERSION = YES_AGGRESSIVE;
				CLANG_CXX_LANGUAGE_STANDARD = "gnu++20";
				CLANG_ENABLE_MODULES = YES;
				CLANG_ENABLE_OBJC_ARC = YES;
				CLANG_ENABLE_OBJC_WEAK = YES;
				CLANG_WARN_BLOCK_CAPTURE_AUTORELEASING = YES;
				CLANG_WARN_BOOL_CONVERSION = YES;
				CLANG_WARN_COMMA = YES;
				CLANG_WARN_CONSTANT_CONVERSION = YES;
				CLANG_WARN_DEPRECATED_OBJC_IMPLEMENTATIONS = YES;
				CLANG_WARN_DIRECT_OBJC_ISA_USAGE = YES_ERROR;
				CLANG_WARN_DOCUMENTATION_COMMENTS = YES;
				CLANG_WARN_EMPTY_BODY = YES;
				CLANG_WARN_ENUM_CONVERSION = YES;
				CLANG_WARN_INFINITE_RECURSION = YES;
				CLANG_WARN_INT_CONVERSION = YES;
				CLANG_WARN_NON_LITERAL_NULL_CONVERSION = YES;
				CLANG_WARN_OBJC_IMPLICIT_RETAIN_SELF = YES;
				CLANG_WARN_OBJC_LITERAL_CONVERSION = YES;
				CLANG_WARN_OBJC_ROOT_CLASS = YES_ERROR;
				CLANG_WARN_QUOTED_INCLUDE_IN_FRAMEWORK_HEADER = YES;
				CLANG_WARN_RANGE_LOOP_ANALYSIS = YES;
				CLANG_WARN_STRICT_PROTOTYPES = YES;
				CLANG_WARN_SUSPICIOUS_MOVE = YES;
				CLANG_WARN_UNGUARDED_AVAILABILITY = YES_AGGRESSIVE;
				CLANG_WARN_UNREACHABLE_CODE = YES;
				CLANG_WARN__DUPLICATE_METHOD_MATCH = YES;
				COPY_PHASE_STRIP = NO;
				DEBUG_INFORMATION_FORMAT = dwarf;
				ENABLE_STRICT_OBJC_MSGSEND = YES;
				ENABLE_TESTABILITY = YES;
				GCC_C_LANGUAGE_STANDARD = gnu11;
				GCC_DYNAMIC_NO_PIC = NO;
				GCC_NO_COMMON_BLOCKS = YES;
				GCC_OPTIMIZATION_LEVEL = 0;
				GCC_PREPROCESSOR_DEFINITIONS = (
					"DEBUG=1",
					"$(inherited)",
				);
				GCC_WARN_64_TO_32_BIT_CONVERSION = YES;
				GCC_WARN_ABOUT_RETURN_TYPE = YES_ERROR;
				GCC_WARN_UNDECLARED_SELECTOR = YES;
				GCC_WARN_UNINITIALIZED_AUTOS = YES_AGGRESSIVE;
				GCC_WARN_UNUSED_FUNCTION = YES;
				GCC_WARN_UNUSED_VARIABLE = YES;
				IPHONEOS_DEPLOYMENT_TARGET = 16.1;
				MTL_ENABLE_DEBUG_INFO = INCLUDE_SOURCE;
				MTL_FAST_MATH = YES;
				ONLY_ACTIVE_ARCH = YES;
				SDKROOT = iphoneos;
				SWIFT_ACTIVE_COMPILATION_CONDITIONS = DEBUG;
				SWIFT_OPTIMIZATION_LEVEL = "-Onone";
			};
			name = Debug;
		};
		9A318B48291E5CA60094AF5F /* Release */ = {
			isa = XCBuildConfiguration;
			buildSettings = {
				ALWAYS_SEARCH_USER_PATHS = NO;
				CLANG_ANALYZER_NONNULL = YES;
				CLANG_ANALYZER_NUMBER_OBJECT_CONVERSION = YES_AGGRESSIVE;
				CLANG_CXX_LANGUAGE_STANDARD = "gnu++20";
				CLANG_ENABLE_MODULES = YES;
				CLANG_ENABLE_OBJC_ARC = YES;
				CLANG_ENABLE_OBJC_WEAK = YES;
				CLANG_WARN_BLOCK_CAPTURE_AUTORELEASING = YES;
				CLANG_WARN_BOOL_CONVERSION = YES;
				CLANG_WARN_COMMA = YES;
				CLANG_WARN_CONSTANT_CONVERSION = YES;
				CLANG_WARN_DEPRECATED_OBJC_IMPLEMENTATIONS = YES;
				CLANG_WARN_DIRECT_OBJC_ISA_USAGE = YES_ERROR;
				CLANG_WARN_DOCUMENTATION_COMMENTS = YES;
				CLANG_WARN_EMPTY_BODY = YES;
				CLANG_WARN_ENUM_CONVERSION = YES;
				CLANG_WARN_INFINITE_RECURSION = YES;
				CLANG_WARN_INT_CONVERSION = YES;
				CLANG_WARN_NON_LITERAL_NULL_CONVERSION = YES;
				CLANG_WARN_OBJC_IMPLICIT_RETAIN_SELF = YES;
				CLANG_WARN_OBJC_LITERAL_CONVERSION = YES;
				CLANG_WARN_OBJC_ROOT_CLASS = YES_ERROR;
				CLANG_WARN_QUOTED_INCLUDE_IN_FRAMEWORK_HEADER = YES;
				CLANG_WARN_RANGE_LOOP_ANALYSIS = YES;
				CLANG_WARN_STRICT_PROTOTYPES = YES;
				CLANG_WARN_SUSPICIOUS_MOVE = YES;
				CLANG_WARN_UNGUARDED_AVAILABILITY = YES_AGGRESSIVE;
				CLANG_WARN_UNREACHABLE_CODE = YES;
				CLANG_WARN__DUPLICATE_METHOD_MATCH = YES;
				COPY_PHASE_STRIP = NO;
				DEBUG_INFORMATION_FORMAT = "dwarf-with-dsym";
				ENABLE_NS_ASSERTIONS = NO;
				ENABLE_STRICT_OBJC_MSGSEND = YES;
				GCC_C_LANGUAGE_STANDARD = gnu11;
				GCC_NO_COMMON_BLOCKS = YES;
				GCC_WARN_64_TO_32_BIT_CONVERSION = YES;
				GCC_WARN_ABOUT_RETURN_TYPE = YES_ERROR;
				GCC_WARN_UNDECLARED_SELECTOR = YES;
				GCC_WARN_UNINITIALIZED_AUTOS = YES_AGGRESSIVE;
				GCC_WARN_UNUSED_FUNCTION = YES;
				GCC_WARN_UNUSED_VARIABLE = YES;
				IPHONEOS_DEPLOYMENT_TARGET = 16.1;
				MTL_ENABLE_DEBUG_INFO = NO;
				MTL_FAST_MATH = YES;
				SDKROOT = iphoneos;
				SWIFT_COMPILATION_MODE = wholemodule;
				SWIFT_OPTIMIZATION_LEVEL = "-O";
				VALIDATE_PRODUCT = YES;
			};
			name = Release;
		};
		9A318B4A291E5CA60094AF5F /* Debug */ = {
			isa = XCBuildConfiguration;
			baseConfigurationReference = 55A210DCC65B7846DB481805 /* Pods-STPageViewController.debug.xcconfig */;
			buildSettings = {
				ASSETCATALOG_COMPILER_APPICON_NAME = AppIcon;
				ASSETCATALOG_COMPILER_GLOBAL_ACCENT_COLOR_NAME = AccentColor;
				CODE_SIGN_STYLE = Automatic;
				CURRENT_PROJECT_VERSION = 1;
				DEVELOPMENT_TEAM = DR5K5LQ4UE;
				GENERATE_INFOPLIST_FILE = YES;
				INFOPLIST_FILE = STPageViewController/Info.plist;
				INFOPLIST_KEY_UIApplicationSupportsIndirectInputEvents = YES;
				INFOPLIST_KEY_UILaunchStoryboardName = LaunchScreen;
				INFOPLIST_KEY_UIMainStoryboardFile = Main;
				INFOPLIST_KEY_UISupportedInterfaceOrientations_iPad = "UIInterfaceOrientationPortrait UIInterfaceOrientationPortraitUpsideDown UIInterfaceOrientationLandscapeLeft UIInterfaceOrientationLandscapeRight";
				INFOPLIST_KEY_UISupportedInterfaceOrientations_iPhone = "UIInterfaceOrientationPortrait UIInterfaceOrientationLandscapeLeft UIInterfaceOrientationLandscapeRight";
				IPHONEOS_DEPLOYMENT_TARGET = 13.0;
				LD_RUNPATH_SEARCH_PATHS = (
					"$(inherited)",
					"@executable_path/Frameworks",
				);
				MARKETING_VERSION = 1.0;
				PRODUCT_BUNDLE_IDENTIFIER = com.steve.STPageViewController;
				PRODUCT_NAME = "$(TARGET_NAME)";
				SWIFT_EMIT_LOC_STRINGS = YES;
				SWIFT_VERSION = 5.0;
				TARGETED_DEVICE_FAMILY = "1,2";
			};
			name = Debug;
		};
		9A318B4B291E5CA60094AF5F /* Release */ = {
			isa = XCBuildConfiguration;
			baseConfigurationReference = 56F82B822BF6125ABEC685C3 /* Pods-STPageViewController.release.xcconfig */;
			buildSettings = {
				ASSETCATALOG_COMPILER_APPICON_NAME = AppIcon;
				ASSETCATALOG_COMPILER_GLOBAL_ACCENT_COLOR_NAME = AccentColor;
				CODE_SIGN_STYLE = Automatic;
				CURRENT_PROJECT_VERSION = 1;
				DEVELOPMENT_TEAM = DR5K5LQ4UE;
				GENERATE_INFOPLIST_FILE = YES;
				INFOPLIST_FILE = STPageViewController/Info.plist;
				INFOPLIST_KEY_UIApplicationSupportsIndirectInputEvents = YES;
				INFOPLIST_KEY_UILaunchStoryboardName = LaunchScreen;
				INFOPLIST_KEY_UIMainStoryboardFile = Main;
				INFOPLIST_KEY_UISupportedInterfaceOrientations_iPad = "UIInterfaceOrientationPortrait UIInterfaceOrientationPortraitUpsideDown UIInterfaceOrientationLandscapeLeft UIInterfaceOrientationLandscapeRight";
				INFOPLIST_KEY_UISupportedInterfaceOrientations_iPhone = "UIInterfaceOrientationPortrait UIInterfaceOrientationLandscapeLeft UIInterfaceOrientationLandscapeRight";
				IPHONEOS_DEPLOYMENT_TARGET = 13.0;
				LD_RUNPATH_SEARCH_PATHS = (
					"$(inherited)",
					"@executable_path/Frameworks",
				);
				MARKETING_VERSION = 1.0;
				PRODUCT_BUNDLE_IDENTIFIER = com.steve.STPageViewController;
				PRODUCT_NAME = "$(TARGET_NAME)";
				SWIFT_EMIT_LOC_STRINGS = YES;
				SWIFT_VERSION = 5.0;
				TARGETED_DEVICE_FAMILY = "1,2";
			};
			name = Release;
		};
/* End XCBuildConfiguration section */

/* Begin XCConfigurationList section */
		9A318B30291E5CA50094AF5F /* Build configuration list for PBXProject "STPageViewController" */ = {
			isa = XCConfigurationList;
			buildConfigurations = (
				9A318B47291E5CA60094AF5F /* Debug */,
				9A318B48291E5CA60094AF5F /* Release */,
			);
			defaultConfigurationIsVisible = 0;
			defaultConfigurationName = Release;
		};
		9A318B49291E5CA60094AF5F /* Build configuration list for PBXNativeTarget "STPageViewController" */ = {
			isa = XCConfigurationList;
			buildConfigurations = (
				9A318B4A291E5CA60094AF5F /* Debug */,
				9A318B4B291E5CA60094AF5F /* Release */,
			);
			defaultConfigurationIsVisible = 0;
			defaultConfigurationName = Release;
		};
/* End XCConfigurationList section */
	};
	rootObject = 9A318B2D291E5CA50094AF5F /* Project object */;
}
